<?xml version="1.0" encoding="utf-8"?>
<Project ToolsVersion="4.0" xmlns="http://schemas.microsoft.com/developer/msbuild/2003">
  <ItemGroup>
    <Filter Include="Source Files">
      <UniqueIdentifier>{4FC737F1-C7A5-4376-A066-2A32D752A2FF}</UniqueIdentifier>
      <Extensions>cpp;c;cc;cxx;def;odl;idl;hpj;bat;asm;asmx</Extensions>
    </Filter>
    <Filter Include="Header Files">
      <UniqueIdentifier>{93995380-89BD-4b04-88EB-625FBE52EBFB}</UniqueIdentifier>
      <Extensions>h;hpp;hxx;hm;inl;inc;xsd</Extensions>
    </Filter>
    <Filter Include="Resource Files">
      <UniqueIdentifier>{67DA6AB6-F800-4c08-8B7A-83BB121AAD01}</UniqueIdentifier>
      <Extensions>rc;ico;cur;bmp;dlg;rc2;rct;bin;rgs;gif;jpg;jpeg;jpe;resx;tiff;tif;png;wav;mfcribbon-ms</Extensions>
    </Filter>
    <Filter Include="Source Files\Common">
      <UniqueIdentifier>{0c001102-f1b3-42bd-a686-41afa0df55ce}</UniqueIdentifier>
    </Filter>
    <Filter Include="Source Files\Shaders">
      <UniqueIdentifier>{cd04c138-1b2e-4f0a-8674-cc619a1c4031}</UniqueIdentifier>
    </Filter>
    <Filter Include="Header Files\Common">
      <UniqueIdentifier>{b90cfd10-025a-471f-a396-c11a1583074b}</UniqueIdentifier>
    </Filter>
  </ItemGroup>
  <ItemGroup>
    <ClCompile Include="main.cpp">
      <Filter>Source Files</Filter>
    </ClCompile>
    <ClCompile Include="src\common\Windows\glew.c">
      <Filter>Source Files\Common</Filter>
    </ClCompile>
    <ClCompile Include="src\common\GL_utilities.c">
      <Filter>Source Files\Common</Filter>
    </ClCompile>
    <ClCompile Include="src\common\loadobj.c">
      <Filter>Source Files\Common</Filter>
    </ClCompile>
    <ClCompile Include="src\common\LoadTGA.c">
      <Filter>Source Files\Common</Filter>
    </ClCompile>
    <ClCompile Include="src\camera.cpp">
      <Filter>Source Files</Filter>
    </ClCompile>
    <ClCompile Include="src\readData.cpp">
      <Filter>Source Files</Filter>
    </ClCompile>
    <ClCompile Include="src\common\Utilities.c">
      <Filter>Source Files\Common</Filter>
    </ClCompile>
    <ClCompile Include="src\voxel.cpp">
      <Filter>Source Files</Filter>
    </ClCompile>
    <ClCompile Include="src\voxelTesting.cpp">
      <Filter>Source Files</Filter>
    </ClCompile>
    <ClCompile Include="src\program.cpp">
      <Filter>Source Files</Filter>
    </ClCompile>
    <ClCompile Include="src\drawable.cpp">
      <Filter>Source Files</Filter>
    </ClCompile>
  </ItemGroup>
  <ItemGroup>
    <ClInclude Include="src\common\GL_utilities.h">
      <Filter>Header Files\Common</Filter>
    </ClInclude>
    <ClInclude Include="src\common\loadobj.h">
      <Filter>Header Files\Common</Filter>
    </ClInclude>
    <ClInclude Include="src\common\LoadTGA.h">
      <Filter>Header Files\Common</Filter>
    </ClInclude>
    <ClInclude Include="src\camera.h">
      <Filter>Header Files</Filter>
    </ClInclude>
    <ClInclude Include="src\common\Windows\glew.h">
      <Filter>Header Files\Common</Filter>
    </ClInclude>
    <ClInclude Include="src\common\Windows\wglew.h">
      <Filter>Header Files\Common</Filter>
    </ClInclude>
    <ClInclude Include="src\common\Windows\sdl2\SDL.h">
      <Filter>Header Files\Common</Filter>
    </ClInclude>
    <ClInclude Include="src\readData.h">
      <Filter>Header Files</Filter>
    </ClInclude>
    <ClInclude Include="src\common\Utilities.h">
      <Filter>Header Files\Common</Filter>
    </ClInclude>
    <ClInclude Include="src\voxel.h">
      <Filter>Header Files</Filter>
    </ClInclude>
    <ClInclude Include="src\voxelTesting.h">
      <Filter>Header Files</Filter>
    </ClInclude>
    <ClInclude Include="src\common\AntTweak\AntTweakBar.h">
      <Filter>Header Files\Common</Filter>
    </ClInclude>
    <ClInclude Include="src\program.h">
      <Filter>Header Files</Filter>
    </ClInclude>
    <ClInclude Include="src\drawable.h">
      <Filter>Header Files</Filter>
    </ClInclude>
  </ItemGroup>
  <ItemGroup>
    <None Include="src\shaders\combineshader.frag">
      <Filter>Source Files\Shaders</Filter>
    </None>
    <None Include="src\shaders\confidenceshader.frag">
      <Filter>Source Files\Shaders</Filter>
    </None>
    <None Include="src\shaders\filtershader.frag">
      <Filter>Source Files\Shaders</Filter>
    </None>
    <None Include="src\shaders\plaintextureshader.frag">
      <Filter>Source Files\Shaders</Filter>
    </None>
    <None Include="src\shaders\plaintextureshader.vert">
      <Filter>Source Files\Shaders</Filter>
    </None>
    <None Include="resources\mainpage.dox">
      <Filter>Resource Files</Filter>
    </None>
    <None Include="resources\Doxyfile">
      <Filter>Resource Files</Filter>
    </None>
    <None Include="makefile">
      <Filter>Source Files</Filter>
    </None>
    <None Include="src\shaders\normalshader.frag">
      <Filter>Source Files\Shaders</Filter>
    </None>
    <None Include="src\shaders\simplevoxels.frag">
      <Filter>Source Files\Shaders</Filter>
    </None>
    <None Include="src\shaders\simplevoxels.geom">
      <Filter>Source Files\Shaders</Filter>
    </None>
    <None Include="src\shaders\simplevoxels.vert">
      <Filter>Source Files\Shaders</Filter>
    </None>
    <None Include="src\shaders\skyshader.frag">
      <Filter>Source Files\Shaders</Filter>
    </None>
    <None Include="src\shaders\skyshader.vert">
      <Filter>Source Files\Shaders</Filter>
    </None>
    <None Include="src\shaders\terrainshader.frag">
      <Filter>Source Files\Shaders</Filter>
    </None>
    <None Include="src\shaders\terrainshader.vert">
      <Filter>Source Files\Shaders</Filter>
    </None>
  </ItemGroup>
</Project>