<?xml version="1.0" encoding="utf-8"?>
<Project ToolsVersion="4.0" xmlns="http://schemas.microsoft.com/developer/msbuild/2003">
  <ItemGroup>
    <Filter Include="Source Files">
      <UniqueIdentifier>{4FC737F1-C7A5-4376-A066-2A32D752A2FF}</UniqueIdentifier>
      <Extensions>cpp;c;cc;cxx;def;odl;idl;hpj;bat;asm;asmx</Extensions>
    </Filter>
    <Filter Include="Header Files">
      <UniqueIdentifier>{93995380-89BD-4b04-88EB-625FBE52EBFB}</UniqueIdentifier>
      <Extensions>h;hpp;hxx;hm;inl;inc;xsd</Extensions>
    </Filter>
    <Filter Include="Resource Files">
      <UniqueIdentifier>{67DA6AB6-F800-4c08-8B7A-83BB121AAD01}</UniqueIdentifier>
      <Extensions>rc;ico;cur;bmp;dlg;rc2;rct;bin;rgs;gif;jpg;jpeg;jpe;resx;tiff;tif;png;wav;mfcribbon-ms</Extensions>
    </Filter>
    <Filter Include="Source Files\Common">
      <UniqueIdentifier>{0c001102-f1b3-42bd-a686-41afa0df55ce}</UniqueIdentifier>
    </Filter>
    <Filter Include="Source Files\Shaders">
      <UniqueIdentifier>{cd04c138-1b2e-4f0a-8674-cc619a1c4031}</UniqueIdentifier>
    </Filter>
    <Filter Include="Source Files\Custom">
      <UniqueIdentifier>{aacdb6d8-f1ae-4f54-8fc4-da4ba15d7f0b}</UniqueIdentifier>
    </Filter>
    <Filter Include="Header Files\Custom">
      <UniqueIdentifier>{b05267cf-1923-48ae-8912-26a54c11ee4b}</UniqueIdentifier>
    </Filter>
  </ItemGroup>
  <ItemGroup>
    <ClCompile Include="main.cpp">
      <Filter>Source Files</Filter>
    </ClCompile>
    <ClCompile Include="common\GL_utilities.c">
      <Filter>Source Files\Common</Filter>
    </ClCompile>
    <ClCompile Include="common\Windows\glew.c">
      <Filter>Source Files\Common</Filter>
    </ClCompile>
    <ClCompile Include="common\loadobj.c">
      <Filter>Source Files\Common</Filter>
    </ClCompile>
    <ClCompile Include="common\LoadTGA.c">
      <Filter>Source Files\Common</Filter>
    </ClCompile>
    <ClCompile Include="common\Windows\MicroGlut.c">
      <Filter>Source Files\Common</Filter>
    </ClCompile>
    <ClCompile Include="common\VectorUtils3.c">
      <Filter>Source Files\Common</Filter>
    </ClCompile>
    <ClCompile Include="src\controls.cpp">
      <Filter>Source Files\Custom</Filter>
    </ClCompile>
  </ItemGroup>
  <ItemGroup>
    <None Include="shaders\main.frag">
      <Filter>Source Files\Shaders</Filter>
    </None>
    <None Include="shaders\main.vert">
      <Filter>Source Files\Shaders</Filter>
    </None>
  </ItemGroup>
  <ItemGroup>
    <ClInclude Include="common\Windows\glew.h">
      <Filter>Header Files</Filter>
    </ClInclude>
    <ClInclude Include="common\Windows\MicroGlut.h">
      <Filter>Header Files</Filter>
    </ClInclude>
    <ClInclude Include="common\GL_utilities.h">
      <Filter>Header Files</Filter>
    </ClInclude>
    <ClInclude Include="common\loadobj.h">
      <Filter>Header Files</Filter>
    </ClInclude>
    <ClInclude Include="common\LoadTGA.h">
      <Filter>Header Files</Filter>
    </ClInclude>
    <ClInclude Include="common\VectorUtils3.h">
      <Filter>Header Files</Filter>
    </ClInclude>
    <ClInclude Include="inc\controls.h">
      <Filter>Header Files\Custom</Filter>
    </ClInclude>
  </ItemGroup>
</Project>